
Microsoft Visual Studio Solution File, Format Version 12.00
# Visual Studio Version 17
VisualStudioVersion = 17.7.34202.233
MinimumVisualStudioVersion = 10.0.40219.1
Project("{FAE04EC0-301F-11D3-BF4B-00C04F79EFBC}") = "Switch_Case", "Switch_Case\Switch_Case.csproj", "{28C4F132-6955-4053-881F-8D83B452DBA1}"
EndProject
Global
	GlobalSection(SolutionConfigurationPlatforms) = preSolution
		Debug|Any CPU = Debug|Any CPU
		Release|Any CPU = Release|Any CPU
	EndGlobalSection
	GlobalSection(ProjectConfigurationPlatforms) = postSolution
		{28C4F132-6955-4053-881F-8D83B452DBA1}.Debug|Any CPU.ActiveCfg = Debug|Any CPU
		{28C4F132-6955-4053-881F-8D83B452DBA1}.Debug|Any CPU.Build.0 = Debug|Any CPU
		{28C4F132-6955-4053-881F-8D83B452DBA1}.Release|Any CPU.ActiveCfg = Release|Any CPU
		{28C4F132-6955-4053-881F-8D83B452DBA1}.Release|Any CPU.Build.0 = Release|Any CPU
	EndGlobalSection
	GlobalSection(SolutionProperties) = preSolution
		HideSolutionNode = FALSE
	EndGlobalSection
	GlobalSection(ExtensibilityGlobals) = postSolution
		SolutionGuid = {068E9EC4-A109-4ADC-9516-673F4E4D5FF4}
	EndGlobalSection
EndGlobal
