
Microsoft Visual Studio Solution File, Format Version 12.00
# Visual Studio Version 17
VisualStudioVersion = 17.7.34221.43
MinimumVisualStudioVersion = 10.0.40219.1
Project("{FAE04EC0-301F-11D3-BF4B-00C04F79EFBC}") = "Donguler", "Donguler\Donguler.csproj", "{252EFDBD-6990-4A0C-A175-84AC24BFB965}"
EndProject
Global
	GlobalSection(SolutionConfigurationPlatforms) = preSolution
		Debug|Any CPU = Debug|Any CPU
		Release|Any CPU = Release|Any CPU
	EndGlobalSection
	GlobalSection(ProjectConfigurationPlatforms) = postSolution
		{252EFDBD-6990-4A0C-A175-84AC24BFB965}.Debug|Any CPU.ActiveCfg = Debug|Any CPU
		{252EFDBD-6990-4A0C-A175-84AC24BFB965}.Debug|Any CPU.Build.0 = Debug|Any CPU
		{252EFDBD-6990-4A0C-A175-84AC24BFB965}.Release|Any CPU.ActiveCfg = Release|Any CPU
		{252EFDBD-6990-4A0C-A175-84AC24BFB965}.Release|Any CPU.Build.0 = Release|Any CPU
	EndGlobalSection
	GlobalSection(SolutionProperties) = preSolution
		HideSolutionNode = FALSE
	EndGlobalSection
	GlobalSection(ExtensibilityGlobals) = postSolution
		SolutionGuid = {83164574-D814-481C-A42B-74E8E6414BBE}
	EndGlobalSection
EndGlobal
