
Microsoft Visual Studio Solution File, Format Version 12.00
# Visual Studio Version 16
VisualStudioVersion = 25.0.1706.5
MinimumVisualStudioVersion = 10.0.40219.1
Project("{FAE04EC0-301F-11D3-BF4B-00C04F79EFBC}") = "outwork 4.1.2", "outwork 4.1.2\outwork 4.1.2.csproj", "{332F81E5-D3D8-49BF-A665-D3CF960F4559}"
EndProject
Global
	GlobalSection(SolutionConfigurationPlatforms) = preSolution
		Debug|Any CPU = Debug|Any CPU
		Release|Any CPU = Release|Any CPU
	EndGlobalSection
	GlobalSection(ProjectConfigurationPlatforms) = postSolution
		{332F81E5-D3D8-49BF-A665-D3CF960F4559}.Debug|Any CPU.ActiveCfg = Debug|Any CPU
		{332F81E5-D3D8-49BF-A665-D3CF960F4559}.Debug|Any CPU.Build.0 = Debug|Any CPU
		{332F81E5-D3D8-49BF-A665-D3CF960F4559}.Release|Any CPU.ActiveCfg = Release|Any CPU
		{332F81E5-D3D8-49BF-A665-D3CF960F4559}.Release|Any CPU.Build.0 = Release|Any CPU
	EndGlobalSection
	GlobalSection(SolutionProperties) = preSolution
		HideSolutionNode = FALSE
	EndGlobalSection
	GlobalSection(ExtensibilityGlobals) = postSolution
		SolutionGuid = {C3B36675-C56E-4018-AD96-88312CD60E01}
	EndGlobalSection
EndGlobal
