
Microsoft Visual Studio Solution File, Format Version 12.00
# Visual Studio Version 17
VisualStudioVersion = 17.7.34202.233
MinimumVisualStudioVersion = 10.0.40219.1
Project("{FAE04EC0-301F-11D3-BF4B-00C04F79EFBC}") = "Degiskenler_Double", "Degiskenler_Double\Degiskenler_Double.csproj", "{01E48712-3C1C-45B2-86DE-33B200FE51A2}"
EndProject
Global
	GlobalSection(SolutionConfigurationPlatforms) = preSolution
		Debug|Any CPU = Debug|Any CPU
		Release|Any CPU = Release|Any CPU
	EndGlobalSection
	GlobalSection(ProjectConfigurationPlatforms) = postSolution
		{01E48712-3C1C-45B2-86DE-33B200FE51A2}.Debug|Any CPU.ActiveCfg = Debug|Any CPU
		{01E48712-3C1C-45B2-86DE-33B200FE51A2}.Debug|Any CPU.Build.0 = Debug|Any CPU
		{01E48712-3C1C-45B2-86DE-33B200FE51A2}.Release|Any CPU.ActiveCfg = Release|Any CPU
		{01E48712-3C1C-45B2-86DE-33B200FE51A2}.Release|Any CPU.Build.0 = Release|Any CPU
	EndGlobalSection
	GlobalSection(SolutionProperties) = preSolution
		HideSolutionNode = FALSE
	EndGlobalSection
	GlobalSection(ExtensibilityGlobals) = postSolution
		SolutionGuid = {6A84758A-4B9A-45D8-8B4F-92D5A56F9088}
	EndGlobalSection
EndGlobal
