
Microsoft Visual Studio Solution File, Format Version 12.00
# Visual Studio Version 17
VisualStudioVersion = 17.7.34221.43
MinimumVisualStudioVersion = 10.0.40219.1
Project("{FAE04EC0-301F-11D3-BF4B-00C04F79EFBC}") = "Timer_2", "Timer_2\Timer_2.csproj", "{BCC9DB72-1307-4A27-96BA-ADD61CA2676D}"
EndProject
Global
	GlobalSection(SolutionConfigurationPlatforms) = preSolution
		Debug|Any CPU = Debug|Any CPU
		Release|Any CPU = Release|Any CPU
	EndGlobalSection
	GlobalSection(ProjectConfigurationPlatforms) = postSolution
		{BCC9DB72-1307-4A27-96BA-ADD61CA2676D}.Debug|Any CPU.ActiveCfg = Debug|Any CPU
		{BCC9DB72-1307-4A27-96BA-ADD61CA2676D}.Debug|Any CPU.Build.0 = Debug|Any CPU
		{BCC9DB72-1307-4A27-96BA-ADD61CA2676D}.Release|Any CPU.ActiveCfg = Release|Any CPU
		{BCC9DB72-1307-4A27-96BA-ADD61CA2676D}.Release|Any CPU.Build.0 = Release|Any CPU
	EndGlobalSection
	GlobalSection(SolutionProperties) = preSolution
		HideSolutionNode = FALSE
	EndGlobalSection
	GlobalSection(ExtensibilityGlobals) = postSolution
		SolutionGuid = {B4768062-524A-40F6-9B50-93A63E99C7F9}
	EndGlobalSection
EndGlobal
